// !$*UTF8*$!
{
	archiveVersion = 1;
	classes = {
	};
	objectVersion = 46;
	objects = {

/* Begin PBXBuildFile section */
		465988871BDBC6D700D595BD /* MapKit.framework in Frameworks */ = {isa = PBXBuildFile; fileRef = 465988861BDBC6D700D595BD /* MapKit.framework */; };
		465988DF1BDC3F8B00D595BD /* SSCarPark.m in Sources */ = {isa = PBXBuildFile; fileRef = 465988CE1BDC3F8B00D595BD /* SSCarPark.m */; };
		465988E01BDC3F8B00D595BD /* SSCarParkManager.m in Sources */ = {isa = PBXBuildFile; fileRef = 465988D01BDC3F8B00D595BD /* SSCarParkManager.m */; };
		465988E11BDC3F8B00D595BD /* SSCrimeManager.m in Sources */ = {isa = PBXBuildFile; fileRef = 465988D21BDC3F8B00D595BD /* SSCrimeManager.m */; };
		465988E21BDC3F8B00D595BD /* SSCrimePoint.m in Sources */ = {isa = PBXBuildFile; fileRef = 465988D41BDC3F8B00D595BD /* SSCrimePoint.m */; };
		465988E31BDC3F8B00D595BD /* SSEngine.m in Sources */ = {isa = PBXBuildFile; fileRef = 465988D61BDC3F8B00D595BD /* SSEngine.m */; };
		465988E41BDC3F8B00D595BD /* SSLocation.m in Sources */ = {isa = PBXBuildFile; fileRef = 465988D81BDC3F8B00D595BD /* SSLocation.m */; };
		465988E51BDC3F8B00D595BD /* SSMappingProvider.m in Sources */ = {isa = PBXBuildFile; fileRef = 465988DA1BDC3F8B00D595BD /* SSMappingProvider.m */; };
		465988E61BDC3F8B00D595BD /* SSRatingUtils.m in Sources */ = {isa = PBXBuildFile; fileRef = 465988DC1BDC3F8B00D595BD /* SSRatingUtils.m */; };
		465988E71BDC3F8B00D595BD /* SSStreetLevelCrime.m in Sources */ = {isa = PBXBuildFile; fileRef = 465988DE1BDC3F8B00D595BD /* SSStreetLevelCrime.m */; };
		4659892B1BDC430100D595BD /* SSBaseControl.m in Sources */ = {isa = PBXBuildFile; fileRef = 465988F31BDC430100D595BD /* SSBaseControl.m */; };
		4659892C1BDC430100D595BD /* SSBaseView.m in Sources */ = {isa = PBXBuildFile; fileRef = 465988F51BDC430100D595BD /* SSBaseView.m */; };
		4659892D1BDC430100D595BD /* SSDrawerButton.m in Sources */ = {isa = PBXBuildFile; fileRef = 465988F81BDC430100D595BD /* SSDrawerButton.m */; };
		4659892E1BDC430100D595BD /* SSDrawerButton.xib in Resources */ = {isa = PBXBuildFile; fileRef = 465988F91BDC430100D595BD /* SSDrawerButton.xib */; };
		4659892F1BDC430100D595BD /* SSDrawerCollectionViewCell.m in Sources */ = {isa = PBXBuildFile; fileRef = 465988FB1BDC430100D595BD /* SSDrawerCollectionViewCell.m */; };
		465989301BDC430100D595BD /* SSDrawerHeaderView.m in Sources */ = {isa = PBXBuildFile; fileRef = 465988FD1BDC430100D595BD /* SSDrawerHeaderView.m */; };
		465989311BDC430100D595BD /* SSExpandableView.m in Sources */ = {isa = PBXBuildFile; fileRef = 465989001BDC430100D595BD /* SSExpandableView.m */; };
		465989321BDC430100D595BD /* SSExpandableViewController.m in Sources */ = {isa = PBXBuildFile; fileRef = 465989021BDC430100D595BD /* SSExpandableViewController.m */; };
		465989331BDC430100D595BD /* SSRatingView.m in Sources */ = {isa = PBXBuildFile; fileRef = 465989051BDC430100D595BD /* SSRatingView.m */; };
		465989341BDC430100D595BD /* SSSearchBarView.m in Sources */ = {isa = PBXBuildFile; fileRef = 465989081BDC430100D595BD /* SSSearchBarView.m */; };
		465989351BDC430100D595BD /* SSCloseButton.m in Sources */ = {isa = PBXBuildFile; fileRef = 4659890C1BDC430100D595BD /* SSCloseButton.m */; };
		465989361BDC430100D595BD /* SSCloseButton.xib in Resources */ = {isa = PBXBuildFile; fileRef = 4659890D1BDC430100D595BD /* SSCloseButton.xib */; };
		465989371BDC430100D595BD /* UIView+SSAutoLayout.m in Sources */ = {isa = PBXBuildFile; fileRef = 465989101BDC430100D595BD /* UIView+SSAutoLayout.m */; };
		465989381BDC430100D595BD /* UIView+SSNibUtilities.m in Sources */ = {isa = PBXBuildFile; fileRef = 465989121BDC430100D595BD /* UIView+SSNibUtilities.m */; };
		465989391BDC430100D595BD /* SSBaseRootViewController.m in Sources */ = {isa = PBXBuildFile; fileRef = 465989161BDC430100D595BD /* SSBaseRootViewController.m */; };
		4659893A1BDC430100D595BD /* SSBaseViewController.m in Sources */ = {isa = PBXBuildFile; fileRef = 465989181BDC430100D595BD /* SSBaseViewController.m */; };
		4659893B1BDC430100D595BD /* SSDrawerItem.m in Sources */ = {isa = PBXBuildFile; fileRef = 4659891B1BDC430100D595BD /* SSDrawerItem.m */; };
		4659893C1BDC430100D595BD /* SSDrawerSection.m in Sources */ = {isa = PBXBuildFile; fileRef = 4659891D1BDC430100D595BD /* SSDrawerSection.m */; };
		4659893D1BDC430100D595BD /* SSDrawerViewController.m in Sources */ = {isa = PBXBuildFile; fileRef = 4659891F1BDC430100D595BD /* SSDrawerViewController.m */; };
		4659893E1BDC430100D595BD /* Main.storyboard in Resources */ = {isa = PBXBuildFile; fileRef = 465989201BDC430100D595BD /* Main.storyboard */; };
		4659893F1BDC430100D595BD /* SSMapDetailsCompressedViewController.m in Sources */ = {isa = PBXBuildFile; fileRef = 465989231BDC430100D595BD /* SSMapDetailsCompressedViewController.m */; };
		465989401BDC430100D595BD /* SSMapDetailsExpandedViewController.m in Sources */ = {isa = PBXBuildFile; fileRef = 465989251BDC430100D595BD /* SSMapDetailsExpandedViewController.m */; };
		465989411BDC430100D595BD /* SSMapRootViewController.m in Sources */ = {isa = PBXBuildFile; fileRef = 465989271BDC430100D595BD /* SSMapRootViewController.m */; };
		465989421BDC430100D595BD /* UIViewController+SSStoryboardUtilities.m in Sources */ = {isa = PBXBuildFile; fileRef = 4659892A1BDC430100D595BD /* UIViewController+SSStoryboardUtilities.m */; };
		465989461BDC5A9F00D595BD /* SSCarParkAnnotationView.m in Sources */ = {isa = PBXBuildFile; fileRef = 465989451BDC5A9F00D595BD /* SSCarParkAnnotationView.m */; };
		465989491BDC5ACB00D595BD /* SSCarParkAnnotation.m in Sources */ = {isa = PBXBuildFile; fileRef = 465989481BDC5ACB00D595BD /* SSCarParkAnnotation.m */; };
		4659894C1BDC5DC100D595BD /* SSCustomAnnotationView.m in Sources */ = {isa = PBXBuildFile; fileRef = 4659894B1BDC5DC100D595BD /* SSCustomAnnotationView.m */; };
		4659894E1BDC5E8B00D595BD /* SSCarParkAnnotationView.xib in Resources */ = {isa = PBXBuildFile; fileRef = 4659894D1BDC5E8B00D595BD /* SSCarParkAnnotationView.xib */; };
		46C8C2851BDADF9F003CA05A /* main.m in Sources */ = {isa = PBXBuildFile; fileRef = 46C8C2841BDADF9F003CA05A /* main.m */; };
		46CD47F61BDAE12E0045D886 /* SSAppDelegate.m in Sources */ = {isa = PBXBuildFile; fileRef = 46CD47EC1BDAE12E0045D886 /* SSAppDelegate.m */; };
		46CD47F71BDAE12E0045D886 /* Assets.xcassets in Resources */ = {isa = PBXBuildFile; fileRef = 46CD47ED1BDAE12E0045D886 /* Assets.xcassets */; };
		46CD47F91BDAE12E0045D886 /* LaunchScreen.storyboard in Resources */ = {isa = PBXBuildFile; fileRef = 46CD47EF1BDAE12E0045D886 /* LaunchScreen.storyboard */; };
		800D7F7D5E9B5E0308BBEF0C /* Pods_SafeSpace.framework in Frameworks */ = {isa = PBXBuildFile; fileRef = 199E3111F04AFA6E118C3842 /* Pods_SafeSpace.framework */; settings = {ATTRIBUTES = (Weak, ); }; };
/* End PBXBuildFile section */

/* Begin PBXFileReference section */
		199E3111F04AFA6E118C3842 /* Pods_SafeSpace.framework */ = {isa = PBXFileReference; explicitFileType = wrapper.framework; includeInIndex = 0; path = Pods_SafeSpace.framework; sourceTree = BUILT_PRODUCTS_DIR; };
		465988861BDBC6D700D595BD /* MapKit.framework */ = {isa = PBXFileReference; lastKnownFileType = wrapper.framework; name = MapKit.framework; path = System/Library/Frameworks/MapKit.framework; sourceTree = SDKROOT; };
		465988CD1BDC3F8B00D595BD /* SSCarPark.h */ = {isa = PBXFileReference; fileEncoding = 4; lastKnownFileType = sourcecode.c.h; path = SSCarPark.h; sourceTree = "<group>"; };
		465988CE1BDC3F8B00D595BD /* SSCarPark.m */ = {isa = PBXFileReference; fileEncoding = 4; lastKnownFileType = sourcecode.c.objc; path = SSCarPark.m; sourceTree = "<group>"; };
		465988CF1BDC3F8B00D595BD /* SSCarParkManager.h */ = {isa = PBXFileReference; fileEncoding = 4; lastKnownFileType = sourcecode.c.h; path = SSCarParkManager.h; sourceTree = "<group>"; };
		465988D01BDC3F8B00D595BD /* SSCarParkManager.m */ = {isa = PBXFileReference; fileEncoding = 4; lastKnownFileType = sourcecode.c.objc; path = SSCarParkManager.m; sourceTree = "<group>"; };
		465988D11BDC3F8B00D595BD /* SSCrimeManager.h */ = {isa = PBXFileReference; fileEncoding = 4; lastKnownFileType = sourcecode.c.h; path = SSCrimeManager.h; sourceTree = "<group>"; };
		465988D21BDC3F8B00D595BD /* SSCrimeManager.m */ = {isa = PBXFileReference; fileEncoding = 4; lastKnownFileType = sourcecode.c.objc; path = SSCrimeManager.m; sourceTree = "<group>"; };
		465988D31BDC3F8B00D595BD /* SSCrimePoint.h */ = {isa = PBXFileReference; fileEncoding = 4; lastKnownFileType = sourcecode.c.h; path = SSCrimePoint.h; sourceTree = "<group>"; };
		465988D41BDC3F8B00D595BD /* SSCrimePoint.m */ = {isa = PBXFileReference; fileEncoding = 4; lastKnownFileType = sourcecode.c.objc; path = SSCrimePoint.m; sourceTree = "<group>"; };
		465988D51BDC3F8B00D595BD /* SSEngine.h */ = {isa = PBXFileReference; fileEncoding = 4; lastKnownFileType = sourcecode.c.h; path = SSEngine.h; sourceTree = "<group>"; };
		465988D61BDC3F8B00D595BD /* SSEngine.m */ = {isa = PBXFileReference; fileEncoding = 4; lastKnownFileType = sourcecode.c.objc; path = SSEngine.m; sourceTree = "<group>"; };
		465988D71BDC3F8B00D595BD /* SSLocation.h */ = {isa = PBXFileReference; fileEncoding = 4; lastKnownFileType = sourcecode.c.h; path = SSLocation.h; sourceTree = "<group>"; };
		465988D81BDC3F8B00D595BD /* SSLocation.m */ = {isa = PBXFileReference; fileEncoding = 4; lastKnownFileType = sourcecode.c.objc; path = SSLocation.m; sourceTree = "<group>"; };
		465988D91BDC3F8B00D595BD /* SSMappingProvider.h */ = {isa = PBXFileReference; fileEncoding = 4; lastKnownFileType = sourcecode.c.h; path = SSMappingProvider.h; sourceTree = "<group>"; };
		465988DA1BDC3F8B00D595BD /* SSMappingProvider.m */ = {isa = PBXFileReference; fileEncoding = 4; lastKnownFileType = sourcecode.c.objc; path = SSMappingProvider.m; sourceTree = "<group>"; };
		465988DB1BDC3F8B00D595BD /* SSRatingUtils.h */ = {isa = PBXFileReference; fileEncoding = 4; lastKnownFileType = sourcecode.c.h; path = SSRatingUtils.h; sourceTree = "<group>"; };
		465988DC1BDC3F8B00D595BD /* SSRatingUtils.m */ = {isa = PBXFileReference; fileEncoding = 4; lastKnownFileType = sourcecode.c.objc; path = SSRatingUtils.m; sourceTree = "<group>"; };
		465988DD1BDC3F8B00D595BD /* SSStreetLevelCrime.h */ = {isa = PBXFileReference; fileEncoding = 4; lastKnownFileType = sourcecode.c.h; path = SSStreetLevelCrime.h; sourceTree = "<group>"; };
		465988DE1BDC3F8B00D595BD /* SSStreetLevelCrime.m */ = {isa = PBXFileReference; fileEncoding = 4; lastKnownFileType = sourcecode.c.objc; path = SSStreetLevelCrime.m; sourceTree = "<group>"; };
		465988F21BDC430100D595BD /* SSBaseControl.h */ = {isa = PBXFileReference; fileEncoding = 4; lastKnownFileType = sourcecode.c.h; path = SSBaseControl.h; sourceTree = "<group>"; };
		465988F31BDC430100D595BD /* SSBaseControl.m */ = {isa = PBXFileReference; fileEncoding = 4; lastKnownFileType = sourcecode.c.objc; path = SSBaseControl.m; sourceTree = "<group>"; };
		465988F41BDC430100D595BD /* SSBaseView.h */ = {isa = PBXFileReference; fileEncoding = 4; lastKnownFileType = sourcecode.c.h; path = SSBaseView.h; sourceTree = "<group>"; };
		465988F51BDC430100D595BD /* SSBaseView.m */ = {isa = PBXFileReference; fileEncoding = 4; lastKnownFileType = sourcecode.c.objc; path = SSBaseView.m; sourceTree = "<group>"; };
		465988F71BDC430100D595BD /* SSDrawerButton.h */ = {isa = PBXFileReference; fileEncoding = 4; lastKnownFileType = sourcecode.c.h; path = SSDrawerButton.h; sourceTree = "<group>"; };
		465988F81BDC430100D595BD /* SSDrawerButton.m */ = {isa = PBXFileReference; fileEncoding = 4; lastKnownFileType = sourcecode.c.objc; path = SSDrawerButton.m; sourceTree = "<group>"; };
		465988F91BDC430100D595BD /* SSDrawerButton.xib */ = {isa = PBXFileReference; fileEncoding = 4; lastKnownFileType = file.xib; path = SSDrawerButton.xib; sourceTree = "<group>"; };
		465988FA1BDC430100D595BD /* SSDrawerCollectionViewCell.h */ = {isa = PBXFileReference; fileEncoding = 4; lastKnownFileType = sourcecode.c.h; path = SSDrawerCollectionViewCell.h; sourceTree = "<group>"; };
		465988FB1BDC430100D595BD /* SSDrawerCollectionViewCell.m */ = {isa = PBXFileReference; fileEncoding = 4; lastKnownFileType = sourcecode.c.objc; path = SSDrawerCollectionViewCell.m; sourceTree = "<group>"; };
		465988FC1BDC430100D595BD /* SSDrawerHeaderView.h */ = {isa = PBXFileReference; fileEncoding = 4; lastKnownFileType = sourcecode.c.h; path = SSDrawerHeaderView.h; sourceTree = "<group>"; };
		465988FD1BDC430100D595BD /* SSDrawerHeaderView.m */ = {isa = PBXFileReference; fileEncoding = 4; lastKnownFileType = sourcecode.c.objc; path = SSDrawerHeaderView.m; sourceTree = "<group>"; };
		465988FF1BDC430100D595BD /* SSExpandableView.h */ = {isa = PBXFileReference; fileEncoding = 4; lastKnownFileType = sourcecode.c.h; path = SSExpandableView.h; sourceTree = "<group>"; };
		465989001BDC430100D595BD /* SSExpandableView.m */ = {isa = PBXFileReference; fileEncoding = 4; lastKnownFileType = sourcecode.c.objc; path = SSExpandableView.m; sourceTree = "<group>"; };
		465989011BDC430100D595BD /* SSExpandableViewController.h */ = {isa = PBXFileReference; fileEncoding = 4; lastKnownFileType = sourcecode.c.h; path = SSExpandableViewController.h; sourceTree = "<group>"; };
		465989021BDC430100D595BD /* SSExpandableViewController.m */ = {isa = PBXFileReference; fileEncoding = 4; lastKnownFileType = sourcecode.c.objc; path = SSExpandableViewController.m; sourceTree = "<group>"; };
		465989041BDC430100D595BD /* SSRatingView.h */ = {isa = PBXFileReference; fileEncoding = 4; lastKnownFileType = sourcecode.c.h; path = SSRatingView.h; sourceTree = "<group>"; };
		465989051BDC430100D595BD /* SSRatingView.m */ = {isa = PBXFileReference; fileEncoding = 4; lastKnownFileType = sourcecode.c.objc; path = SSRatingView.m; sourceTree = "<group>"; };
		465989071BDC430100D595BD /* SSSearchBarView.h */ = {isa = PBXFileReference; fileEncoding = 4; lastKnownFileType = sourcecode.c.h; path = SSSearchBarView.h; sourceTree = "<group>"; };
		465989081BDC430100D595BD /* SSSearchBarView.m */ = {isa = PBXFileReference; fileEncoding = 4; lastKnownFileType = sourcecode.c.objc; path = SSSearchBarView.m; sourceTree = "<group>"; };
		4659890B1BDC430100D595BD /* SSCloseButton.h */ = {isa = PBXFileReference; fileEncoding = 4; lastKnownFileType = sourcecode.c.h; path = SSCloseButton.h; sourceTree = "<group>"; };
		4659890C1BDC430100D595BD /* SSCloseButton.m */ = {isa = PBXFileReference; fileEncoding = 4; lastKnownFileType = sourcecode.c.objc; path = SSCloseButton.m; sourceTree = "<group>"; };
		4659890D1BDC430100D595BD /* SSCloseButton.xib */ = {isa = PBXFileReference; fileEncoding = 4; lastKnownFileType = file.xib; path = SSCloseButton.xib; sourceTree = "<group>"; };
		4659890F1BDC430100D595BD /* UIView+SSAutoLayout.h */ = {isa = PBXFileReference; fileEncoding = 4; lastKnownFileType = sourcecode.c.h; path = "UIView+SSAutoLayout.h"; sourceTree = "<group>"; };
		465989101BDC430100D595BD /* UIView+SSAutoLayout.m */ = {isa = PBXFileReference; fileEncoding = 4; lastKnownFileType = sourcecode.c.objc; path = "UIView+SSAutoLayout.m"; sourceTree = "<group>"; };
		465989111BDC430100D595BD /* UIView+SSNibUtilities.h */ = {isa = PBXFileReference; fileEncoding = 4; lastKnownFileType = sourcecode.c.h; path = "UIView+SSNibUtilities.h"; sourceTree = "<group>"; };
		465989121BDC430100D595BD /* UIView+SSNibUtilities.m */ = {isa = PBXFileReference; fileEncoding = 4; lastKnownFileType = sourcecode.c.objc; path = "UIView+SSNibUtilities.m"; sourceTree = "<group>"; };
		465989151BDC430100D595BD /* SSBaseRootViewController.h */ = {isa = PBXFileReference; fileEncoding = 4; lastKnownFileType = sourcecode.c.h; path = SSBaseRootViewController.h; sourceTree = "<group>"; };
		465989161BDC430100D595BD /* SSBaseRootViewController.m */ = {isa = PBXFileReference; fileEncoding = 4; lastKnownFileType = sourcecode.c.objc; path = SSBaseRootViewController.m; sourceTree = "<group>"; };
		465989171BDC430100D595BD /* SSBaseViewController.h */ = {isa = PBXFileReference; fileEncoding = 4; lastKnownFileType = sourcecode.c.h; path = SSBaseViewController.h; sourceTree = "<group>"; };
		465989181BDC430100D595BD /* SSBaseViewController.m */ = {isa = PBXFileReference; fileEncoding = 4; lastKnownFileType = sourcecode.c.objc; path = SSBaseViewController.m; sourceTree = "<group>"; };
		4659891A1BDC430100D595BD /* SSDrawerItem.h */ = {isa = PBXFileReference; fileEncoding = 4; lastKnownFileType = sourcecode.c.h; path = SSDrawerItem.h; sourceTree = "<group>"; };
		4659891B1BDC430100D595BD /* SSDrawerItem.m */ = {isa = PBXFileReference; fileEncoding = 4; lastKnownFileType = sourcecode.c.objc; path = SSDrawerItem.m; sourceTree = "<group>"; };
		4659891C1BDC430100D595BD /* SSDrawerSection.h */ = {isa = PBXFileReference; fileEncoding = 4; lastKnownFileType = sourcecode.c.h; path = SSDrawerSection.h; sourceTree = "<group>"; };
		4659891D1BDC430100D595BD /* SSDrawerSection.m */ = {isa = PBXFileReference; fileEncoding = 4; lastKnownFileType = sourcecode.c.objc; path = SSDrawerSection.m; sourceTree = "<group>"; };
		4659891E1BDC430100D595BD /* SSDrawerViewController.h */ = {isa = PBXFileReference; fileEncoding = 4; lastKnownFileType = sourcecode.c.h; path = SSDrawerViewController.h; sourceTree = "<group>"; };
		4659891F1BDC430100D595BD /* SSDrawerViewController.m */ = {isa = PBXFileReference; fileEncoding = 4; lastKnownFileType = sourcecode.c.objc; path = SSDrawerViewController.m; sourceTree = "<group>"; };
		465989201BDC430100D595BD /* Main.storyboard */ = {isa = PBXFileReference; fileEncoding = 4; lastKnownFileType = file.storyboard; path = Main.storyboard; sourceTree = "<group>"; };
		465989221BDC430100D595BD /* SSMapDetailsCompressedViewController.h */ = {isa = PBXFileReference; fileEncoding = 4; lastKnownFileType = sourcecode.c.h; path = SSMapDetailsCompressedViewController.h; sourceTree = "<group>"; };
		465989231BDC430100D595BD /* SSMapDetailsCompressedViewController.m */ = {isa = PBXFileReference; fileEncoding = 4; lastKnownFileType = sourcecode.c.objc; path = SSMapDetailsCompressedViewController.m; sourceTree = "<group>"; };
		465989241BDC430100D595BD /* SSMapDetailsExpandedViewController.h */ = {isa = PBXFileReference; fileEncoding = 4; lastKnownFileType = sourcecode.c.h; path = SSMapDetailsExpandedViewController.h; sourceTree = "<group>"; };
		465989251BDC430100D595BD /* SSMapDetailsExpandedViewController.m */ = {isa = PBXFileReference; fileEncoding = 4; lastKnownFileType = sourcecode.c.objc; path = SSMapDetailsExpandedViewController.m; sourceTree = "<group>"; };
		465989261BDC430100D595BD /* SSMapRootViewController.h */ = {isa = PBXFileReference; fileEncoding = 4; lastKnownFileType = sourcecode.c.h; path = SSMapRootViewController.h; sourceTree = "<group>"; };
		465989271BDC430100D595BD /* SSMapRootViewController.m */ = {isa = PBXFileReference; fileEncoding = 4; lastKnownFileType = sourcecode.c.objc; path = SSMapRootViewController.m; sourceTree = "<group>"; };
		465989291BDC430100D595BD /* UIViewController+SSStoryboardUtilities.h */ = {isa = PBXFileReference; fileEncoding = 4; lastKnownFileType = sourcecode.c.h; path = "UIViewController+SSStoryboardUtilities.h"; sourceTree = "<group>"; };
		4659892A1BDC430100D595BD /* UIViewController+SSStoryboardUtilities.m */ = {isa = PBXFileReference; fileEncoding = 4; lastKnownFileType = sourcecode.c.objc; path = "UIViewController+SSStoryboardUtilities.m"; sourceTree = "<group>"; };
		465989441BDC5A9F00D595BD /* SSCarParkAnnotationView.h */ = {isa = PBXFileReference; fileEncoding = 4; lastKnownFileType = sourcecode.c.h; path = SSCarParkAnnotationView.h; sourceTree = "<group>"; };
		465989451BDC5A9F00D595BD /* SSCarParkAnnotationView.m */ = {isa = PBXFileReference; fileEncoding = 4; lastKnownFileType = sourcecode.c.objc; path = SSCarParkAnnotationView.m; sourceTree = "<group>"; };
		465989471BDC5ACB00D595BD /* SSCarParkAnnotation.h */ = {isa = PBXFileReference; fileEncoding = 4; lastKnownFileType = sourcecode.c.h; path = SSCarParkAnnotation.h; sourceTree = "<group>"; };
		465989481BDC5ACB00D595BD /* SSCarParkAnnotation.m */ = {isa = PBXFileReference; fileEncoding = 4; lastKnownFileType = sourcecode.c.objc; path = SSCarParkAnnotation.m; sourceTree = "<group>"; };
		4659894A1BDC5DC100D595BD /* SSCustomAnnotationView.h */ = {isa = PBXFileReference; fileEncoding = 4; lastKnownFileType = sourcecode.c.h; path = SSCustomAnnotationView.h; sourceTree = "<group>"; };
		4659894B1BDC5DC100D595BD /* SSCustomAnnotationView.m */ = {isa = PBXFileReference; fileEncoding = 4; lastKnownFileType = sourcecode.c.objc; path = SSCustomAnnotationView.m; sourceTree = "<group>"; };
		4659894D1BDC5E8B00D595BD /* SSCarParkAnnotationView.xib */ = {isa = PBXFileReference; fileEncoding = 4; lastKnownFileType = file.xib; path = SSCarParkAnnotationView.xib; sourceTree = "<group>"; };
		46C8C2801BDADF9F003CA05A /* SafeSpace.app */ = {isa = PBXFileReference; explicitFileType = wrapper.application; includeInIndex = 0; path = SafeSpace.app; sourceTree = BUILT_PRODUCTS_DIR; };
		46C8C2841BDADF9F003CA05A /* main.m */ = {isa = PBXFileReference; lastKnownFileType = sourcecode.c.objc; path = main.m; sourceTree = "<group>"; };
		46CD47EB1BDAE12E0045D886 /* SSAppDelegate.h */ = {isa = PBXFileReference; fileEncoding = 4; lastKnownFileType = sourcecode.c.h; path = SSAppDelegate.h; sourceTree = "<group>"; };
		46CD47EC1BDAE12E0045D886 /* SSAppDelegate.m */ = {isa = PBXFileReference; fileEncoding = 4; lastKnownFileType = sourcecode.c.objc; path = SSAppDelegate.m; sourceTree = "<group>"; };
		46CD47ED1BDAE12E0045D886 /* Assets.xcassets */ = {isa = PBXFileReference; lastKnownFileType = folder.assetcatalog; path = Assets.xcassets; sourceTree = "<group>"; };
		46CD47EE1BDAE12E0045D886 /* Info.plist */ = {isa = PBXFileReference; fileEncoding = 4; lastKnownFileType = text.plist.xml; path = Info.plist; sourceTree = "<group>"; };
		46CD47EF1BDAE12E0045D886 /* LaunchScreen.storyboard */ = {isa = PBXFileReference; fileEncoding = 4; lastKnownFileType = file.storyboard; path = LaunchScreen.storyboard; sourceTree = "<group>"; };
		7CB4360FA6B33C21931188A2 /* Pods-SafeSpace.debug.xcconfig */ = {isa = PBXFileReference; includeInIndex = 1; lastKnownFileType = text.xcconfig; name = "Pods-SafeSpace.debug.xcconfig"; path = "Pods/Target Support Files/Pods-SafeSpace/Pods-SafeSpace.debug.xcconfig"; sourceTree = "<group>"; };
		BC769E9380911C56B99D2652 /* Pods-SafeSpace.release.xcconfig */ = {isa = PBXFileReference; includeInIndex = 1; lastKnownFileType = text.xcconfig; name = "Pods-SafeSpace.release.xcconfig"; path = "Pods/Target Support Files/Pods-SafeSpace/Pods-SafeSpace.release.xcconfig"; sourceTree = "<group>"; };
/* End PBXFileReference section */

/* Begin PBXFrameworksBuildPhase section */
		46C8C27D1BDADF9E003CA05A /* Frameworks */ = {
			isa = PBXFrameworksBuildPhase;
			buildActionMask = 2147483647;
			files = (
				465988871BDBC6D700D595BD /* MapKit.framework in Frameworks */,
				800D7F7D5E9B5E0308BBEF0C /* Pods_SafeSpace.framework in Frameworks */,
			);
			runOnlyForDeploymentPostprocessing = 0;
		};
/* End PBXFrameworksBuildPhase section */

/* Begin PBXGroup section */
		27274E4CCFEAA6B27D9BAD3A /* Pods */ = {
			isa = PBXGroup;
			children = (
				7CB4360FA6B33C21931188A2 /* Pods-SafeSpace.debug.xcconfig */,
				BC769E9380911C56B99D2652 /* Pods-SafeSpace.release.xcconfig */,
			);
			name = Pods;
			sourceTree = "<group>";
		};
		465988CC1BDC3F8B00D595BD /* Engine */ = {
			isa = PBXGroup;
			children = (
				465988CD1BDC3F8B00D595BD /* SSCarPark.h */,
				465988CE1BDC3F8B00D595BD /* SSCarPark.m */,
				465988CF1BDC3F8B00D595BD /* SSCarParkManager.h */,
				465988D01BDC3F8B00D595BD /* SSCarParkManager.m */,
				465988D11BDC3F8B00D595BD /* SSCrimeManager.h */,
				465988D21BDC3F8B00D595BD /* SSCrimeManager.m */,
				465988D31BDC3F8B00D595BD /* SSCrimePoint.h */,
				465988D41BDC3F8B00D595BD /* SSCrimePoint.m */,
				465988D51BDC3F8B00D595BD /* SSEngine.h */,
				465988D61BDC3F8B00D595BD /* SSEngine.m */,
				465988D71BDC3F8B00D595BD /* SSLocation.h */,
				465988D81BDC3F8B00D595BD /* SSLocation.m */,
				465988D91BDC3F8B00D595BD /* SSMappingProvider.h */,
				465988DA1BDC3F8B00D595BD /* SSMappingProvider.m */,
				465988DB1BDC3F8B00D595BD /* SSRatingUtils.h */,
				465988DC1BDC3F8B00D595BD /* SSRatingUtils.m */,
				465988DD1BDC3F8B00D595BD /* SSStreetLevelCrime.h */,
				465988DE1BDC3F8B00D595BD /* SSStreetLevelCrime.m */,
			);
			path = Engine;
			sourceTree = "<group>";
		};
		465988EF1BDC430100D595BD /* UI */ = {
			isa = PBXGroup;
			children = (
				465988F01BDC430100D595BD /* Components */,
				465989131BDC430100D595BD /* Screens */,
			);
			path = UI;
			sourceTree = "<group>";
		};
		465988F01BDC430100D595BD /* Components */ = {
			isa = PBXGroup;
			children = (
				465988F11BDC430100D595BD /* Base */,
				465988F61BDC430100D595BD /* Drawer */,
				465988FE1BDC430100D595BD /* ExpandableView */,
				465989431BDC5A1100D595BD /* Map */,
				465989031BDC430100D595BD /* Rating */,
				465989061BDC430100D595BD /* SearchBar */,
				465989091BDC430100D595BD /* Universal */,
				4659890E1BDC430100D595BD /* Utilities */,
			);
			path = Components;
			sourceTree = "<group>";
		};
		465988F11BDC430100D595BD /* Base */ = {
			isa = PBXGroup;
			children = (
				465988F21BDC430100D595BD /* SSBaseControl.h */,
				465988F31BDC430100D595BD /* SSBaseControl.m */,
				465988F41BDC430100D595BD /* SSBaseView.h */,
				465988F51BDC430100D595BD /* SSBaseView.m */,
			);
			path = Base;
			sourceTree = "<group>";
		};
		465988F61BDC430100D595BD /* Drawer */ = {
			isa = PBXGroup;
			children = (
				465988F71BDC430100D595BD /* SSDrawerButton.h */,
				465988F81BDC430100D595BD /* SSDrawerButton.m */,
				465988F91BDC430100D595BD /* SSDrawerButton.xib */,
				465988FA1BDC430100D595BD /* SSDrawerCollectionViewCell.h */,
				465988FB1BDC430100D595BD /* SSDrawerCollectionViewCell.m */,
				465988FC1BDC430100D595BD /* SSDrawerHeaderView.h */,
				465988FD1BDC430100D595BD /* SSDrawerHeaderView.m */,
			);
			path = Drawer;
			sourceTree = "<group>";
		};
		465988FE1BDC430100D595BD /* ExpandableView */ = {
			isa = PBXGroup;
			children = (
				465988FF1BDC430100D595BD /* SSExpandableView.h */,
				465989001BDC430100D595BD /* SSExpandableView.m */,
				465989011BDC430100D595BD /* SSExpandableViewController.h */,
				465989021BDC430100D595BD /* SSExpandableViewController.m */,
			);
			path = ExpandableView;
			sourceTree = "<group>";
		};
		465989031BDC430100D595BD /* Rating */ = {
			isa = PBXGroup;
			children = (
				465989041BDC430100D595BD /* SSRatingView.h */,
				465989051BDC430100D595BD /* SSRatingView.m */,
			);
			path = Rating;
			sourceTree = "<group>";
		};
		465989061BDC430100D595BD /* SearchBar */ = {
			isa = PBXGroup;
			children = (
				465989071BDC430100D595BD /* SSSearchBarView.h */,
				465989081BDC430100D595BD /* SSSearchBarView.m */,
			);
			path = SearchBar;
			sourceTree = "<group>";
		};
		465989091BDC430100D595BD /* Universal */ = {
			isa = PBXGroup;
			children = (
				4659890A1BDC430100D595BD /* CloseButton */,
			);
			path = Universal;
			sourceTree = "<group>";
		};
		4659890A1BDC430100D595BD /* CloseButton */ = {
			isa = PBXGroup;
			children = (
				4659890B1BDC430100D595BD /* SSCloseButton.h */,
				4659890C1BDC430100D595BD /* SSCloseButton.m */,
				4659890D1BDC430100D595BD /* SSCloseButton.xib */,
			);
			path = CloseButton;
			sourceTree = "<group>";
		};
		4659890E1BDC430100D595BD /* Utilities */ = {
			isa = PBXGroup;
			children = (
				4659890F1BDC430100D595BD /* UIView+SSAutoLayout.h */,
				465989101BDC430100D595BD /* UIView+SSAutoLayout.m */,
				465989111BDC430100D595BD /* UIView+SSNibUtilities.h */,
				465989121BDC430100D595BD /* UIView+SSNibUtilities.m */,
			);
			path = Utilities;
			sourceTree = "<group>";
		};
		465989131BDC430100D595BD /* Screens */ = {
			isa = PBXGroup;
			children = (
				465989141BDC430100D595BD /* Base */,
				465989191BDC430100D595BD /* Drawer */,
				465989201BDC430100D595BD /* Main.storyboard */,
				465989211BDC430100D595BD /* Map */,
				465989281BDC430100D595BD /* Utility */,
			);
			path = Screens;
			sourceTree = "<group>";
		};
		465989141BDC430100D595BD /* Base */ = {
			isa = PBXGroup;
			children = (
				465989151BDC430100D595BD /* SSBaseRootViewController.h */,
				465989161BDC430100D595BD /* SSBaseRootViewController.m */,
				465989171BDC430100D595BD /* SSBaseViewController.h */,
				465989181BDC430100D595BD /* SSBaseViewController.m */,
			);
			path = Base;
			sourceTree = "<group>";
		};
		465989191BDC430100D595BD /* Drawer */ = {
			isa = PBXGroup;
			children = (
				4659891A1BDC430100D595BD /* SSDrawerItem.h */,
				4659891B1BDC430100D595BD /* SSDrawerItem.m */,
				4659891C1BDC430100D595BD /* SSDrawerSection.h */,
				4659891D1BDC430100D595BD /* SSDrawerSection.m */,
				4659891E1BDC430100D595BD /* SSDrawerViewController.h */,
				4659891F1BDC430100D595BD /* SSDrawerViewController.m */,
			);
			path = Drawer;
			sourceTree = "<group>";
		};
		465989211BDC430100D595BD /* Map */ = {
			isa = PBXGroup;
			children = (
				465989221BDC430100D595BD /* SSMapDetailsCompressedViewController.h */,
				465989231BDC430100D595BD /* SSMapDetailsCompressedViewController.m */,
				465989241BDC430100D595BD /* SSMapDetailsExpandedViewController.h */,
				465989251BDC430100D595BD /* SSMapDetailsExpandedViewController.m */,
				465989261BDC430100D595BD /* SSMapRootViewController.h */,
				465989271BDC430100D595BD /* SSMapRootViewController.m */,
			);
			path = Map;
			sourceTree = "<group>";
		};
		465989281BDC430100D595BD /* Utility */ = {
			isa = PBXGroup;
			children = (
				465989291BDC430100D595BD /* UIViewController+SSStoryboardUtilities.h */,
				4659892A1BDC430100D595BD /* UIViewController+SSStoryboardUtilities.m */,
			);
			path = Utility;
			sourceTree = "<group>";
		};
		465989431BDC5A1100D595BD /* Map */ = {
			isa = PBXGroup;
			children = (
				4659894A1BDC5DC100D595BD /* SSCustomAnnotationView.h */,
				4659894B1BDC5DC100D595BD /* SSCustomAnnotationView.m */,
				465989441BDC5A9F00D595BD /* SSCarParkAnnotationView.h */,
				465989451BDC5A9F00D595BD /* SSCarParkAnnotationView.m */,
				4659894D1BDC5E8B00D595BD /* SSCarParkAnnotationView.xib */,
				465989471BDC5ACB00D595BD /* SSCarParkAnnotation.h */,
				465989481BDC5ACB00D595BD /* SSCarParkAnnotation.m */,
			);
			path = Map;
			sourceTree = "<group>";
		};
		46C8C2771BDADF9E003CA05A = {
			isa = PBXGroup;
			children = (
				46C8C2821BDADF9F003CA05A /* SafeSpace */,
				46C8C2811BDADF9F003CA05A /* Products */,
				27274E4CCFEAA6B27D9BAD3A /* Pods */,
				EAEE8746AF2E3A1F6EE56EAE /* Frameworks */,
			);
			sourceTree = "<group>";
		};
		46C8C2811BDADF9F003CA05A /* Products */ = {
			isa = PBXGroup;
			children = (
				46C8C2801BDADF9F003CA05A /* SafeSpace.app */,
			);
			name = Products;
			sourceTree = "<group>";
		};
		46C8C2821BDADF9F003CA05A /* SafeSpace */ = {
			isa = PBXGroup;
			children = (
				465988CC1BDC3F8B00D595BD /* Engine */,
				465988EF1BDC430100D595BD /* UI */,
				46CD47EA1BDAE12E0045D886 /* Resources */,
				46C8C2831BDADF9F003CA05A /* Supporting Files */,
			);
			path = SafeSpace;
			sourceTree = "<group>";
		};
		46C8C2831BDADF9F003CA05A /* Supporting Files */ = {
			isa = PBXGroup;
			children = (
				46C8C2841BDADF9F003CA05A /* main.m */,
			);
			name = "Supporting Files";
			sourceTree = "<group>";
		};
		46CD47EA1BDAE12E0045D886 /* Resources */ = {
			isa = PBXGroup;
			children = (
				46CD47EB1BDAE12E0045D886 /* SSAppDelegate.h */,
				46CD47EC1BDAE12E0045D886 /* SSAppDelegate.m */,
				46CD47ED1BDAE12E0045D886 /* Assets.xcassets */,
				46CD47EE1BDAE12E0045D886 /* Info.plist */,
				46CD47EF1BDAE12E0045D886 /* LaunchScreen.storyboard */,
			);
			path = Resources;
			sourceTree = "<group>";
		};
		EAEE8746AF2E3A1F6EE56EAE /* Frameworks */ = {
			isa = PBXGroup;
			children = (
				465988861BDBC6D700D595BD /* MapKit.framework */,
				199E3111F04AFA6E118C3842 /* Pods_SafeSpace.framework */,
			);
			name = Frameworks;
			sourceTree = "<group>";
		};
/* End PBXGroup section */

/* Begin PBXNativeTarget section */
		46C8C27F1BDADF9E003CA05A /* SafeSpace */ = {
			isa = PBXNativeTarget;
			buildConfigurationList = 46C8C2971BDADF9F003CA05A /* Build configuration list for PBXNativeTarget "SafeSpace" */;
			buildPhases = (
				531754BD8AC710E791DBE244 /* Check Pods Manifest.lock */,
				46C8C27C1BDADF9E003CA05A /* Sources */,
				46C8C27D1BDADF9E003CA05A /* Frameworks */,
				46C8C27E1BDADF9E003CA05A /* Resources */,
				837B5CA635C845EE8D65D09A /* Copy Pods Resources */,
				FD9B13F355B770D5493FCF30 /* Embed Pods Frameworks */,
			);
			buildRules = (
			);
			dependencies = (
			);
			name = SafeSpace;
			productName = SafeSpace;
			productReference = 46C8C2801BDADF9F003CA05A /* SafeSpace.app */;
			productType = "com.apple.product-type.application";
		};
/* End PBXNativeTarget section */

/* Begin PBXProject section */
		46C8C2781BDADF9E003CA05A /* Project object */ = {
			isa = PBXProject;
			attributes = {
				CLASSPREFIX = SS;
				LastUpgradeCheck = 0710;
				ORGANIZATIONNAME = "Team Moopflop";
				TargetAttributes = {
					46C8C27F1BDADF9E003CA05A = {
						CreatedOnToolsVersion = 7.0.1;
					};
				};
			};
			buildConfigurationList = 46C8C27B1BDADF9E003CA05A /* Build configuration list for PBXProject "SafeSpace" */;
			compatibilityVersion = "Xcode 3.2";
			developmentRegion = English;
			hasScannedForEncodings = 0;
			knownRegions = (
				en,
				Base,
			);
			mainGroup = 46C8C2771BDADF9E003CA05A;
			productRefGroup = 46C8C2811BDADF9F003CA05A /* Products */;
			projectDirPath = "";
			projectRoot = "";
			targets = (
				46C8C27F1BDADF9E003CA05A /* SafeSpace */,
			);
		};
/* End PBXProject section */

/* Begin PBXResourcesBuildPhase section */
		46C8C27E1BDADF9E003CA05A /* Resources */ = {
			isa = PBXResourcesBuildPhase;
			buildActionMask = 2147483647;
			files = (
				4659894E1BDC5E8B00D595BD /* SSCarParkAnnotationView.xib in Resources */,
				46CD47F91BDAE12E0045D886 /* LaunchScreen.storyboard in Resources */,
				4659893E1BDC430100D595BD /* Main.storyboard in Resources */,
				4659892E1BDC430100D595BD /* SSDrawerButton.xib in Resources */,
				465989361BDC430100D595BD /* SSCloseButton.xib in Resources */,
				46CD47F71BDAE12E0045D886 /* Assets.xcassets in Resources */,
			);
			runOnlyForDeploymentPostprocessing = 0;
		};
/* End PBXResourcesBuildPhase section */

/* Begin PBXShellScriptBuildPhase section */
		531754BD8AC710E791DBE244 /* Check Pods Manifest.lock */ = {
			isa = PBXShellScriptBuildPhase;
			buildActionMask = 2147483647;
			files = (
			);
			inputPaths = (
			);
			name = "Check Pods Manifest.lock";
			outputPaths = (
			);
			runOnlyForDeploymentPostprocessing = 0;
			shellPath = /bin/sh;
			shellScript = "diff \"${PODS_ROOT}/../Podfile.lock\" \"${PODS_ROOT}/Manifest.lock\" > /dev/null\nif [[ $? != 0 ]] ; then\n    cat << EOM\nerror: The sandbox is not in sync with the Podfile.lock. Run 'pod install' or update your CocoaPods installation.\nEOM\n    exit 1\nfi\n";
			showEnvVarsInLog = 0;
		};
		837B5CA635C845EE8D65D09A /* Copy Pods Resources */ = {
			isa = PBXShellScriptBuildPhase;
			buildActionMask = 2147483647;
			files = (
			);
			inputPaths = (
			);
			name = "Copy Pods Resources";
			outputPaths = (
			);
			runOnlyForDeploymentPostprocessing = 0;
			shellPath = /bin/sh;
			shellScript = "\"${SRCROOT}/Pods/Target Support Files/Pods-SafeSpace/Pods-SafeSpace-resources.sh\"\n";
			showEnvVarsInLog = 0;
		};
		FD9B13F355B770D5493FCF30 /* Embed Pods Frameworks */ = {
			isa = PBXShellScriptBuildPhase;
			buildActionMask = 2147483647;
			files = (
			);
			inputPaths = (
			);
			name = "Embed Pods Frameworks";
			outputPaths = (
			);
			runOnlyForDeploymentPostprocessing = 0;
			shellPath = /bin/sh;
			shellScript = "\"${SRCROOT}/Pods/Target Support Files/Pods-SafeSpace/Pods-SafeSpace-frameworks.sh\"\n";
			showEnvVarsInLog = 0;
		};
/* End PBXShellScriptBuildPhase section */

/* Begin PBXSourcesBuildPhase section */
		46C8C27C1BDADF9E003CA05A /* Sources */ = {
			isa = PBXSourcesBuildPhase;
			buildActionMask = 2147483647;
			files = (
				465989461BDC5A9F00D595BD /* SSCarParkAnnotationView.m in Sources */,
				465989311BDC430100D595BD /* SSExpandableView.m in Sources */,
				46CD47F61BDAE12E0045D886 /* SSAppDelegate.m in Sources */,
				4659892C1BDC430100D595BD /* SSBaseView.m in Sources */,
				4659893B1BDC430100D595BD /* SSDrawerItem.m in Sources */,
				465989411BDC430100D595BD /* SSMapRootViewController.m in Sources */,
				46C8C2851BDADF9F003CA05A /* main.m in Sources */,
				465989491BDC5ACB00D595BD /* SSCarParkAnnotation.m in Sources */,
				465989341BDC430100D595BD /* SSSearchBarView.m in Sources */,
				465988E31BDC3F8B00D595BD /* SSEngine.m in Sources */,
				465988E11BDC3F8B00D595BD /* SSCrimeManager.m in Sources */,
				465989371BDC430100D595BD /* UIView+SSAutoLayout.m in Sources */,
				465989331BDC430100D595BD /* SSRatingView.m in Sources */,
				465989391BDC430100D595BD /* SSBaseRootViewController.m in Sources */,
				4659892B1BDC430100D595BD /* SSBaseControl.m in Sources */,
				465988E61BDC3F8B00D595BD /* SSRatingUtils.m in Sources */,
				465988E51BDC3F8B00D595BD /* SSMappingProvider.m in Sources */,
				465988E21BDC3F8B00D595BD /* SSCrimePoint.m in Sources */,
				465989321BDC430100D595BD /* SSExpandableViewController.m in Sources */,
				4659892F1BDC430100D595BD /* SSDrawerCollectionViewCell.m in Sources */,
				465989401BDC430100D595BD /* SSMapDetailsExpandedViewController.m in Sources */,
				4659893D1BDC430100D595BD /* SSDrawerViewController.m in Sources */,
				465988E01BDC3F8B00D595BD /* SSCarParkManager.m in Sources */,
				4659894C1BDC5DC100D595BD /* SSCustomAnnotationView.m in Sources */,
				4659893F1BDC430100D595BD /* SSMapDetailsCompressedViewController.m in Sources */,
				465989421BDC430100D595BD /* UIViewController+SSStoryboardUtilities.m in Sources */,
				4659893A1BDC430100D595BD /* SSBaseViewController.m in Sources */,
				4659892D1BDC430100D595BD /* SSDrawerButton.m in Sources */,
				465988DF1BDC3F8B00D595BD /* SSCarPark.m in Sources */,
				465988E71BDC3F8B00D595BD /* SSStreetLevelCrime.m in Sources */,
				4659893C1BDC430100D595BD /* SSDrawerSection.m in Sources */,
				465989351BDC430100D595BD /* SSCloseButton.m in Sources */,
				465989301BDC430100D595BD /* SSDrawerHeaderView.m in Sources */,
				465989381BDC430100D595BD /* UIView+SSNibUtilities.m in Sources */,
				465988E41BDC3F8B00D595BD /* SSLocation.m in Sources */,
			);
			runOnlyForDeploymentPostprocessing = 0;
		};
/* End PBXSourcesBuildPhase section */

/* Begin XCBuildConfiguration section */
		46C8C2951BDADF9F003CA05A /* Debug */ = {
			isa = XCBuildConfiguration;
			buildSettings = {
				ALWAYS_SEARCH_USER_PATHS = NO;
				CLANG_CXX_LANGUAGE_STANDARD = "gnu++0x";
				CLANG_CXX_LIBRARY = "libc++";
				CLANG_ENABLE_MODULES = YES;
				CLANG_ENABLE_OBJC_ARC = YES;
				CLANG_WARN_BOOL_CONVERSION = YES;
				CLANG_WARN_CONSTANT_CONVERSION = YES;
				CLANG_WARN_DIRECT_OBJC_ISA_USAGE = YES_ERROR;
				CLANG_WARN_EMPTY_BODY = YES;
				CLANG_WARN_ENUM_CONVERSION = YES;
				CLANG_WARN_INT_CONVERSION = YES;
				CLANG_WARN_OBJC_ROOT_CLASS = YES_ERROR;
				CLANG_WARN_UNREACHABLE_CODE = YES;
				CLANG_WARN__DUPLICATE_METHOD_MATCH = YES;
				"CODE_SIGN_IDENTITY[sdk=iphoneos*]" = "iPhone Developer";
				COPY_PHASE_STRIP = NO;
				DEBUG_INFORMATION_FORMAT = dwarf;
				ENABLE_STRICT_OBJC_MSGSEND = YES;
				ENABLE_TESTABILITY = YES;
				GCC_C_LANGUAGE_STANDARD = gnu99;
				GCC_DYNAMIC_NO_PIC = NO;
				GCC_NO_COMMON_BLOCKS = YES;
				GCC_OPTIMIZATION_LEVEL = 0;
				GCC_PREPROCESSOR_DEFINITIONS = (
					"DEBUG=1",
					"$(inherited)",
				);
				GCC_WARN_64_TO_32_BIT_CONVERSION = YES;
				GCC_WARN_ABOUT_RETURN_TYPE = YES_ERROR;
				GCC_WARN_UNDECLARED_SELECTOR = YES;
				GCC_WARN_UNINITIALIZED_AUTOS = YES_AGGRESSIVE;
				GCC_WARN_UNUSED_FUNCTION = YES;
				GCC_WARN_UNUSED_VARIABLE = YES;
				IPHONEOS_DEPLOYMENT_TARGET = 9.0;
				MTL_ENABLE_DEBUG_INFO = YES;
				ONLY_ACTIVE_ARCH = YES;
				SDKROOT = iphoneos;
			};
			name = Debug;
		};
		46C8C2961BDADF9F003CA05A /* Release */ = {
			isa = XCBuildConfiguration;
			buildSettings = {
				ALWAYS_SEARCH_USER_PATHS = NO;
				CLANG_CXX_LANGUAGE_STANDARD = "gnu++0x";
				CLANG_CXX_LIBRARY = "libc++";
				CLANG_ENABLE_MODULES = YES;
				CLANG_ENABLE_OBJC_ARC = YES;
				CLANG_WARN_BOOL_CONVERSION = YES;
				CLANG_WARN_CONSTANT_CONVERSION = YES;
				CLANG_WARN_DIRECT_OBJC_ISA_USAGE = YES_ERROR;
				CLANG_WARN_EMPTY_BODY = YES;
				CLANG_WARN_ENUM_CONVERSION = YES;
				CLANG_WARN_INT_CONVERSION = YES;
				CLANG_WARN_OBJC_ROOT_CLASS = YES_ERROR;
				CLANG_WARN_UNREACHABLE_CODE = YES;
				CLANG_WARN__DUPLICATE_METHOD_MATCH = YES;
				"CODE_SIGN_IDENTITY[sdk=iphoneos*]" = "iPhone Developer";
				COPY_PHASE_STRIP = NO;
				DEBUG_INFORMATION_FORMAT = "dwarf-with-dsym";
				ENABLE_NS_ASSERTIONS = NO;
				ENABLE_STRICT_OBJC_MSGSEND = YES;
				GCC_C_LANGUAGE_STANDARD = gnu99;
				GCC_NO_COMMON_BLOCKS = YES;
				GCC_WARN_64_TO_32_BIT_CONVERSION = YES;
				GCC_WARN_ABOUT_RETURN_TYPE = YES_ERROR;
				GCC_WARN_UNDECLARED_SELECTOR = YES;
				GCC_WARN_UNINITIALIZED_AUTOS = YES_AGGRESSIVE;
				GCC_WARN_UNUSED_FUNCTION = YES;
				GCC_WARN_UNUSED_VARIABLE = YES;
				IPHONEOS_DEPLOYMENT_TARGET = 9.0;
				MTL_ENABLE_DEBUG_INFO = NO;
				SDKROOT = iphoneos;
				VALIDATE_PRODUCT = YES;
			};
			name = Release;
		};
		46C8C2981BDADF9F003CA05A /* Debug */ = {
			isa = XCBuildConfiguration;
			baseConfigurationReference = 7CB4360FA6B33C21931188A2 /* Pods-SafeSpace.debug.xcconfig */;
			buildSettings = {
				ASSETCATALOG_COMPILER_APPICON_NAME = AppIcon;
				INFOPLIST_FILE = "$(SRCROOT)/SafeSpace/Resources/Info.plist";
				LD_RUNPATH_SEARCH_PATHS = "$(inherited) @executable_path/Frameworks";
				PRODUCT_BUNDLE_IDENTIFIER = com.moopflop.SafeSpace;
				PRODUCT_NAME = "$(TARGET_NAME)";
			};
			name = Debug;
		};
		46C8C2991BDADF9F003CA05A /* Release */ = {
			isa = XCBuildConfiguration;
			baseConfigurationReference = BC769E9380911C56B99D2652 /* Pods-SafeSpace.release.xcconfig */;
			buildSettings = {
				ASSETCATALOG_COMPILER_APPICON_NAME = AppIcon;
				INFOPLIST_FILE = "$(SRCROOT)/SafeSpace/Resources/Info.plist";
				LD_RUNPATH_SEARCH_PATHS = "$(inherited) @executable_path/Frameworks";
				PRODUCT_BUNDLE_IDENTIFIER = com.moopflop.SafeSpace;
				PRODUCT_NAME = "$(TARGET_NAME)";
			};
			name = Release;
		};
/* End XCBuildConfiguration section */

/* Begin XCConfigurationList section */
		46C8C27B1BDADF9E003CA05A /* Build configuration list for PBXProject "SafeSpace" */ = {
			isa = XCConfigurationList;
			buildConfigurations = (
				46C8C2951BDADF9F003CA05A /* Debug */,
				46C8C2961BDADF9F003CA05A /* Release */,
			);
			defaultConfigurationIsVisible = 0;
			defaultConfigurationName = Release;
		};
		46C8C2971BDADF9F003CA05A /* Build configuration list for PBXNativeTarget "SafeSpace" */ = {
			isa = XCConfigurationList;
			buildConfigurations = (
				46C8C2981BDADF9F003CA05A /* Debug */,
				46C8C2991BDADF9F003CA05A /* Release */,
			);
			defaultConfigurationIsVisible = 0;
			defaultConfigurationName = Release;
		};
/* End XCConfigurationList section */
	};
	rootObject = 46C8C2781BDADF9E003CA05A /* Project object */;
}
