// !$*UTF8*$!
{
	archiveVersion = 1;
	classes = {
	};
	objectVersion = 46;
	objects = {

/* Begin PBXBuildFile section */
		465988711BDBAE1400D595BD /* SSBaseViewController.m in Sources */ = {isa = PBXBuildFile; fileRef = 4659886F1BDBAE1400D595BD /* SSBaseViewController.m */; };
		465988741BDBAE4D00D595BD /* SSDrawerViewController.m in Sources */ = {isa = PBXBuildFile; fileRef = 465988731BDBAE4D00D595BD /* SSDrawerViewController.m */; };
		465988761BDBAE7800D595BD /* Main.storyboard in Resources */ = {isa = PBXBuildFile; fileRef = 465988751BDBAE7800D595BD /* Main.storyboard */; };
		465988791BDBB07200D595BD /* SSBaseRootViewController.m in Sources */ = {isa = PBXBuildFile; fileRef = 465988781BDBB07200D595BD /* SSBaseRootViewController.m */; };
		4659887E1BDBB15400D595BD /* SSMapRootViewController.m in Sources */ = {isa = PBXBuildFile; fileRef = 4659887D1BDBB15400D595BD /* SSMapRootViewController.m */; };
		465988821BDBB60B00D595BD /* UIViewController+SSStoryboardUtilities.m in Sources */ = {isa = PBXBuildFile; fileRef = 465988811BDBB60B00D595BD /* UIViewController+SSStoryboardUtilities.m */; };
		465988851BDBB8D400D595BD /* SSDrawerItem.m in Sources */ = {isa = PBXBuildFile; fileRef = 465988841BDBB8D400D595BD /* SSDrawerItem.m */; };
		465988871BDBC6D700D595BD /* MapKit.framework in Frameworks */ = {isa = PBXBuildFile; fileRef = 465988861BDBC6D700D595BD /* MapKit.framework */; };
		4659888B1BDBC9F900D595BD /* SSBaseView.m in Sources */ = {isa = PBXBuildFile; fileRef = 4659888A1BDBC9F900D595BD /* SSBaseView.m */; };
		4659888F1BDBCA3100D595BD /* SSDrawerCollectionViewCell.m in Sources */ = {isa = PBXBuildFile; fileRef = 4659888E1BDBCA3100D595BD /* SSDrawerCollectionViewCell.m */; };
		465988921BDBCC3F00D595BD /* SSDrawerSection.m in Sources */ = {isa = PBXBuildFile; fileRef = 465988911BDBCC3F00D595BD /* SSDrawerSection.m */; };
		465988951BDBCD2C00D595BD /* SSDrawerHeaderView.m in Sources */ = {isa = PBXBuildFile; fileRef = 465988941BDBCD2C00D595BD /* SSDrawerHeaderView.m */; };
		46C8C2851BDADF9F003CA05A /* main.m in Sources */ = {isa = PBXBuildFile; fileRef = 46C8C2841BDADF9F003CA05A /* main.m */; };
		46CD47F61BDAE12E0045D886 /* SSAppDelegate.m in Sources */ = {isa = PBXBuildFile; fileRef = 46CD47EC1BDAE12E0045D886 /* SSAppDelegate.m */; };
		46CD47F71BDAE12E0045D886 /* Assets.xcassets in Resources */ = {isa = PBXBuildFile; fileRef = 46CD47ED1BDAE12E0045D886 /* Assets.xcassets */; };
		46CD47F91BDAE12E0045D886 /* LaunchScreen.storyboard in Resources */ = {isa = PBXBuildFile; fileRef = 46CD47EF1BDAE12E0045D886 /* LaunchScreen.storyboard */; };
		46CED70C1BDAE2A1005DF631 /* SSEngine.m in Sources */ = {isa = PBXBuildFile; fileRef = 46CED70B1BDAE2A1005DF631 /* SSEngine.m */; };
		53BE3E88DAFF56C2F7CFF1C7 /* libPods-SafeSpace.a in Frameworks */ = {isa = PBXBuildFile; fileRef = 050FDA573A012E7F952A3F82 /* libPods-SafeSpace.a */; };
/* End PBXBuildFile section */

/* Begin PBXFileReference section */
		050FDA573A012E7F952A3F82 /* libPods-SafeSpace.a */ = {isa = PBXFileReference; explicitFileType = archive.ar; includeInIndex = 0; path = "libPods-SafeSpace.a"; sourceTree = BUILT_PRODUCTS_DIR; };
		4659886E1BDBAE1400D595BD /* SSBaseViewController.h */ = {isa = PBXFileReference; fileEncoding = 4; lastKnownFileType = sourcecode.c.h; path = SSBaseViewController.h; sourceTree = "<group>"; };
		4659886F1BDBAE1400D595BD /* SSBaseViewController.m */ = {isa = PBXFileReference; fileEncoding = 4; lastKnownFileType = sourcecode.c.objc; path = SSBaseViewController.m; sourceTree = "<group>"; };
		465988721BDBAE4D00D595BD /* SSDrawerViewController.h */ = {isa = PBXFileReference; fileEncoding = 4; lastKnownFileType = sourcecode.c.h; path = SSDrawerViewController.h; sourceTree = "<group>"; };
		465988731BDBAE4D00D595BD /* SSDrawerViewController.m */ = {isa = PBXFileReference; fileEncoding = 4; lastKnownFileType = sourcecode.c.objc; path = SSDrawerViewController.m; sourceTree = "<group>"; };
		465988751BDBAE7800D595BD /* Main.storyboard */ = {isa = PBXFileReference; fileEncoding = 4; lastKnownFileType = file.storyboard; path = Main.storyboard; sourceTree = "<group>"; };
		465988771BDBB07200D595BD /* SSBaseRootViewController.h */ = {isa = PBXFileReference; fileEncoding = 4; lastKnownFileType = sourcecode.c.h; path = SSBaseRootViewController.h; sourceTree = "<group>"; };
		465988781BDBB07200D595BD /* SSBaseRootViewController.m */ = {isa = PBXFileReference; fileEncoding = 4; lastKnownFileType = sourcecode.c.objc; path = SSBaseRootViewController.m; sourceTree = "<group>"; };
		4659887C1BDBB15400D595BD /* SSMapRootViewController.h */ = {isa = PBXFileReference; fileEncoding = 4; lastKnownFileType = sourcecode.c.h; path = SSMapRootViewController.h; sourceTree = "<group>"; };
		4659887D1BDBB15400D595BD /* SSMapRootViewController.m */ = {isa = PBXFileReference; fileEncoding = 4; lastKnownFileType = sourcecode.c.objc; path = SSMapRootViewController.m; sourceTree = "<group>"; };
		465988801BDBB60B00D595BD /* UIViewController+SSStoryboardUtilities.h */ = {isa = PBXFileReference; fileEncoding = 4; lastKnownFileType = sourcecode.c.h; path = "UIViewController+SSStoryboardUtilities.h"; sourceTree = "<group>"; };
		465988811BDBB60B00D595BD /* UIViewController+SSStoryboardUtilities.m */ = {isa = PBXFileReference; fileEncoding = 4; lastKnownFileType = sourcecode.c.objc; path = "UIViewController+SSStoryboardUtilities.m"; sourceTree = "<group>"; };
		465988831BDBB8D400D595BD /* SSDrawerItem.h */ = {isa = PBXFileReference; fileEncoding = 4; lastKnownFileType = sourcecode.c.h; path = SSDrawerItem.h; sourceTree = "<group>"; };
		465988841BDBB8D400D595BD /* SSDrawerItem.m */ = {isa = PBXFileReference; fileEncoding = 4; lastKnownFileType = sourcecode.c.objc; path = SSDrawerItem.m; sourceTree = "<group>"; };
		465988861BDBC6D700D595BD /* MapKit.framework */ = {isa = PBXFileReference; lastKnownFileType = wrapper.framework; name = MapKit.framework; path = System/Library/Frameworks/MapKit.framework; sourceTree = SDKROOT; };
		465988891BDBC9F900D595BD /* SSBaseView.h */ = {isa = PBXFileReference; fileEncoding = 4; lastKnownFileType = sourcecode.c.h; path = SSBaseView.h; sourceTree = "<group>"; };
		4659888A1BDBC9F900D595BD /* SSBaseView.m */ = {isa = PBXFileReference; fileEncoding = 4; lastKnownFileType = sourcecode.c.objc; path = SSBaseView.m; sourceTree = "<group>"; };
		4659888D1BDBCA3100D595BD /* SSDrawerCollectionViewCell.h */ = {isa = PBXFileReference; fileEncoding = 4; lastKnownFileType = sourcecode.c.h; path = SSDrawerCollectionViewCell.h; sourceTree = "<group>"; };
		4659888E1BDBCA3100D595BD /* SSDrawerCollectionViewCell.m */ = {isa = PBXFileReference; fileEncoding = 4; lastKnownFileType = sourcecode.c.objc; path = SSDrawerCollectionViewCell.m; sourceTree = "<group>"; };
		465988901BDBCC3F00D595BD /* SSDrawerSection.h */ = {isa = PBXFileReference; fileEncoding = 4; lastKnownFileType = sourcecode.c.h; path = SSDrawerSection.h; sourceTree = "<group>"; };
		465988911BDBCC3F00D595BD /* SSDrawerSection.m */ = {isa = PBXFileReference; fileEncoding = 4; lastKnownFileType = sourcecode.c.objc; path = SSDrawerSection.m; sourceTree = "<group>"; };
		465988931BDBCD2C00D595BD /* SSDrawerHeaderView.h */ = {isa = PBXFileReference; fileEncoding = 4; lastKnownFileType = sourcecode.c.h; path = SSDrawerHeaderView.h; sourceTree = "<group>"; };
		465988941BDBCD2C00D595BD /* SSDrawerHeaderView.m */ = {isa = PBXFileReference; fileEncoding = 4; lastKnownFileType = sourcecode.c.objc; path = SSDrawerHeaderView.m; sourceTree = "<group>"; };
		46C8C2801BDADF9F003CA05A /* SafeSpace.app */ = {isa = PBXFileReference; explicitFileType = wrapper.application; includeInIndex = 0; path = SafeSpace.app; sourceTree = BUILT_PRODUCTS_DIR; };
		46C8C2841BDADF9F003CA05A /* main.m */ = {isa = PBXFileReference; lastKnownFileType = sourcecode.c.objc; path = main.m; sourceTree = "<group>"; };
		46CD47EB1BDAE12E0045D886 /* SSAppDelegate.h */ = {isa = PBXFileReference; fileEncoding = 4; lastKnownFileType = sourcecode.c.h; path = SSAppDelegate.h; sourceTree = "<group>"; };
		46CD47EC1BDAE12E0045D886 /* SSAppDelegate.m */ = {isa = PBXFileReference; fileEncoding = 4; lastKnownFileType = sourcecode.c.objc; path = SSAppDelegate.m; sourceTree = "<group>"; };
		46CD47ED1BDAE12E0045D886 /* Assets.xcassets */ = {isa = PBXFileReference; lastKnownFileType = folder.assetcatalog; path = Assets.xcassets; sourceTree = "<group>"; };
		46CD47EE1BDAE12E0045D886 /* Info.plist */ = {isa = PBXFileReference; fileEncoding = 4; lastKnownFileType = text.plist.xml; path = Info.plist; sourceTree = "<group>"; };
		46CD47EF1BDAE12E0045D886 /* LaunchScreen.storyboard */ = {isa = PBXFileReference; fileEncoding = 4; lastKnownFileType = file.storyboard; path = LaunchScreen.storyboard; sourceTree = "<group>"; };
		46CED70A1BDAE2A1005DF631 /* SSEngine.h */ = {isa = PBXFileReference; fileEncoding = 4; lastKnownFileType = sourcecode.c.h; path = SSEngine.h; sourceTree = "<group>"; };
		46CED70B1BDAE2A1005DF631 /* SSEngine.m */ = {isa = PBXFileReference; fileEncoding = 4; lastKnownFileType = sourcecode.c.objc; path = SSEngine.m; sourceTree = "<group>"; };
		7CB4360FA6B33C21931188A2 /* Pods-SafeSpace.debug.xcconfig */ = {isa = PBXFileReference; includeInIndex = 1; lastKnownFileType = text.xcconfig; name = "Pods-SafeSpace.debug.xcconfig"; path = "Pods/Target Support Files/Pods-SafeSpace/Pods-SafeSpace.debug.xcconfig"; sourceTree = "<group>"; };
		BC769E9380911C56B99D2652 /* Pods-SafeSpace.release.xcconfig */ = {isa = PBXFileReference; includeInIndex = 1; lastKnownFileType = text.xcconfig; name = "Pods-SafeSpace.release.xcconfig"; path = "Pods/Target Support Files/Pods-SafeSpace/Pods-SafeSpace.release.xcconfig"; sourceTree = "<group>"; };
/* End PBXFileReference section */

/* Begin PBXFrameworksBuildPhase section */
		46C8C27D1BDADF9E003CA05A /* Frameworks */ = {
			isa = PBXFrameworksBuildPhase;
			buildActionMask = 2147483647;
			files = (
				465988871BDBC6D700D595BD /* MapKit.framework in Frameworks */,
				53BE3E88DAFF56C2F7CFF1C7 /* libPods-SafeSpace.a in Frameworks */,
			);
			runOnlyForDeploymentPostprocessing = 0;
		};
/* End PBXFrameworksBuildPhase section */

/* Begin PBXGroup section */
		27274E4CCFEAA6B27D9BAD3A /* Pods */ = {
			isa = PBXGroup;
			children = (
				7CB4360FA6B33C21931188A2 /* Pods-SafeSpace.debug.xcconfig */,
				BC769E9380911C56B99D2652 /* Pods-SafeSpace.release.xcconfig */,
			);
			name = Pods;
			sourceTree = "<group>";
		};
		4659886D1BDBAE1400D595BD /* Base */ = {
			isa = PBXGroup;
			children = (
				4659886E1BDBAE1400D595BD /* SSBaseViewController.h */,
				4659886F1BDBAE1400D595BD /* SSBaseViewController.m */,
				465988771BDBB07200D595BD /* SSBaseRootViewController.h */,
				465988781BDBB07200D595BD /* SSBaseRootViewController.m */,
			);
			path = Base;
			sourceTree = "<group>";
		};
		465988701BDBAE1400D595BD /* Drawer */ = {
			isa = PBXGroup;
			children = (
				465988721BDBAE4D00D595BD /* SSDrawerViewController.h */,
				465988731BDBAE4D00D595BD /* SSDrawerViewController.m */,
				465988901BDBCC3F00D595BD /* SSDrawerSection.h */,
				465988911BDBCC3F00D595BD /* SSDrawerSection.m */,
				465988831BDBB8D400D595BD /* SSDrawerItem.h */,
				465988841BDBB8D400D595BD /* SSDrawerItem.m */,
			);
			path = Drawer;
			sourceTree = "<group>";
		};
		4659887B1BDBB13400D595BD /* Map */ = {
			isa = PBXGroup;
			children = (
				4659887C1BDBB15400D595BD /* SSMapRootViewController.h */,
				4659887D1BDBB15400D595BD /* SSMapRootViewController.m */,
			);
			path = Map;
			sourceTree = "<group>";
		};
		4659887F1BDBB4A000D595BD /* Utility */ = {
			isa = PBXGroup;
			children = (
				465988801BDBB60B00D595BD /* UIViewController+SSStoryboardUtilities.h */,
				465988811BDBB60B00D595BD /* UIViewController+SSStoryboardUtilities.m */,
			);
			path = Utility;
			sourceTree = "<group>";
		};
		465988881BDBC9F900D595BD /* Base */ = {
			isa = PBXGroup;
			children = (
				465988891BDBC9F900D595BD /* SSBaseView.h */,
				4659888A1BDBC9F900D595BD /* SSBaseView.m */,
			);
			path = Base;
			sourceTree = "<group>";
		};
		4659888C1BDBCA0B00D595BD /* Drawer */ = {
			isa = PBXGroup;
			children = (
				4659888D1BDBCA3100D595BD /* SSDrawerCollectionViewCell.h */,
				4659888E1BDBCA3100D595BD /* SSDrawerCollectionViewCell.m */,
				465988931BDBCD2C00D595BD /* SSDrawerHeaderView.h */,
				465988941BDBCD2C00D595BD /* SSDrawerHeaderView.m */,
			);
			path = Drawer;
			sourceTree = "<group>";
		};
		46C8C2771BDADF9E003CA05A = {
			isa = PBXGroup;
			children = (
				46C8C2821BDADF9F003CA05A /* SafeSpace */,
				46C8C2811BDADF9F003CA05A /* Products */,
				27274E4CCFEAA6B27D9BAD3A /* Pods */,
				EAEE8746AF2E3A1F6EE56EAE /* Frameworks */,
			);
			sourceTree = "<group>";
		};
		46C8C2811BDADF9F003CA05A /* Products */ = {
			isa = PBXGroup;
			children = (
				46C8C2801BDADF9F003CA05A /* SafeSpace.app */,
			);
			name = Products;
			sourceTree = "<group>";
		};
		46C8C2821BDADF9F003CA05A /* SafeSpace */ = {
			isa = PBXGroup;
			children = (
				46CD47E91BDAE12E0045D886 /* Engine */,
				46CD47F11BDAE12E0045D886 /* UI */,
				46CD47EA1BDAE12E0045D886 /* Resources */,
				46C8C2831BDADF9F003CA05A /* Supporting Files */,
			);
			path = SafeSpace;
			sourceTree = "<group>";
		};
		46C8C2831BDADF9F003CA05A /* Supporting Files */ = {
			isa = PBXGroup;
			children = (
				46C8C2841BDADF9F003CA05A /* main.m */,
			);
			name = "Supporting Files";
			sourceTree = "<group>";
		};
		46CD47E91BDAE12E0045D886 /* Engine */ = {
			isa = PBXGroup;
			children = (
				46CED70A1BDAE2A1005DF631 /* SSEngine.h */,
				46CED70B1BDAE2A1005DF631 /* SSEngine.m */,
			);
			path = Engine;
			sourceTree = "<group>";
		};
		46CD47EA1BDAE12E0045D886 /* Resources */ = {
			isa = PBXGroup;
			children = (
				46CD47EB1BDAE12E0045D886 /* SSAppDelegate.h */,
				46CD47EC1BDAE12E0045D886 /* SSAppDelegate.m */,
				46CD47ED1BDAE12E0045D886 /* Assets.xcassets */,
				46CD47EE1BDAE12E0045D886 /* Info.plist */,
				46CD47EF1BDAE12E0045D886 /* LaunchScreen.storyboard */,
			);
			path = Resources;
			sourceTree = "<group>";
		};
		46CD47F11BDAE12E0045D886 /* UI */ = {
			isa = PBXGroup;
			children = (
				46CD47F21BDAE12E0045D886 /* Components */,
				46CD47F31BDAE12E0045D886 /* Screens */,
			);
			path = UI;
			sourceTree = "<group>";
		};
		46CD47F21BDAE12E0045D886 /* Components */ = {
			isa = PBXGroup;
			children = (
				465988881BDBC9F900D595BD /* Base */,
				4659888C1BDBCA0B00D595BD /* Drawer */,
			);
			path = Components;
			sourceTree = "<group>";
		};
		46CD47F31BDAE12E0045D886 /* Screens */ = {
			isa = PBXGroup;
			children = (
				465988751BDBAE7800D595BD /* Main.storyboard */,
				4659886D1BDBAE1400D595BD /* Base */,
				465988701BDBAE1400D595BD /* Drawer */,
				4659887B1BDBB13400D595BD /* Map */,
				4659887F1BDBB4A000D595BD /* Utility */,
			);
			path = Screens;
			sourceTree = "<group>";
		};
		EAEE8746AF2E3A1F6EE56EAE /* Frameworks */ = {
			isa = PBXGroup;
			children = (
				465988861BDBC6D700D595BD /* MapKit.framework */,
				050FDA573A012E7F952A3F82 /* libPods-SafeSpace.a */,
			);
			name = Frameworks;
			sourceTree = "<group>";
		};
/* End PBXGroup section */

/* Begin PBXNativeTarget section */
		46C8C27F1BDADF9E003CA05A /* SafeSpace */ = {
			isa = PBXNativeTarget;
			buildConfigurationList = 46C8C2971BDADF9F003CA05A /* Build configuration list for PBXNativeTarget "SafeSpace" */;
			buildPhases = (
				531754BD8AC710E791DBE244 /* Check Pods Manifest.lock */,
				46C8C27C1BDADF9E003CA05A /* Sources */,
				46C8C27D1BDADF9E003CA05A /* Frameworks */,
				46C8C27E1BDADF9E003CA05A /* Resources */,
				837B5CA635C845EE8D65D09A /* Copy Pods Resources */,
			);
			buildRules = (
			);
			dependencies = (
			);
			name = SafeSpace;
			productName = SafeSpace;
			productReference = 46C8C2801BDADF9F003CA05A /* SafeSpace.app */;
			productType = "com.apple.product-type.application";
		};
/* End PBXNativeTarget section */

/* Begin PBXProject section */
		46C8C2781BDADF9E003CA05A /* Project object */ = {
			isa = PBXProject;
			attributes = {
				CLASSPREFIX = SS;
				LastUpgradeCheck = 0710;
				ORGANIZATIONNAME = "Team Moopflop";
				TargetAttributes = {
					46C8C27F1BDADF9E003CA05A = {
						CreatedOnToolsVersion = 7.0.1;
					};
				};
			};
			buildConfigurationList = 46C8C27B1BDADF9E003CA05A /* Build configuration list for PBXProject "SafeSpace" */;
			compatibilityVersion = "Xcode 3.2";
			developmentRegion = English;
			hasScannedForEncodings = 0;
			knownRegions = (
				en,
				Base,
			);
			mainGroup = 46C8C2771BDADF9E003CA05A;
			productRefGroup = 46C8C2811BDADF9F003CA05A /* Products */;
			projectDirPath = "";
			projectRoot = "";
			targets = (
				46C8C27F1BDADF9E003CA05A /* SafeSpace */,
			);
		};
/* End PBXProject section */

/* Begin PBXResourcesBuildPhase section */
		46C8C27E1BDADF9E003CA05A /* Resources */ = {
			isa = PBXResourcesBuildPhase;
			buildActionMask = 2147483647;
			files = (
				46CD47F91BDAE12E0045D886 /* LaunchScreen.storyboard in Resources */,
				465988761BDBAE7800D595BD /* Main.storyboard in Resources */,
				46CD47F71BDAE12E0045D886 /* Assets.xcassets in Resources */,
			);
			runOnlyForDeploymentPostprocessing = 0;
		};
/* End PBXResourcesBuildPhase section */

/* Begin PBXShellScriptBuildPhase section */
		531754BD8AC710E791DBE244 /* Check Pods Manifest.lock */ = {
			isa = PBXShellScriptBuildPhase;
			buildActionMask = 2147483647;
			files = (
			);
			inputPaths = (
			);
			name = "Check Pods Manifest.lock";
			outputPaths = (
			);
			runOnlyForDeploymentPostprocessing = 0;
			shellPath = /bin/sh;
			shellScript = "diff \"${PODS_ROOT}/../Podfile.lock\" \"${PODS_ROOT}/Manifest.lock\" > /dev/null\nif [[ $? != 0 ]] ; then\n    cat << EOM\nerror: The sandbox is not in sync with the Podfile.lock. Run 'pod install' or update your CocoaPods installation.\nEOM\n    exit 1\nfi\n";
			showEnvVarsInLog = 0;
		};
		837B5CA635C845EE8D65D09A /* Copy Pods Resources */ = {
			isa = PBXShellScriptBuildPhase;
			buildActionMask = 2147483647;
			files = (
			);
			inputPaths = (
			);
			name = "Copy Pods Resources";
			outputPaths = (
			);
			runOnlyForDeploymentPostprocessing = 0;
			shellPath = /bin/sh;
			shellScript = "\"${SRCROOT}/Pods/Target Support Files/Pods-SafeSpace/Pods-SafeSpace-resources.sh\"\n";
			showEnvVarsInLog = 0;
		};
/* End PBXShellScriptBuildPhase section */

/* Begin PBXSourcesBuildPhase section */
		46C8C27C1BDADF9E003CA05A /* Sources */ = {
			isa = PBXSourcesBuildPhase;
			buildActionMask = 2147483647;
			files = (
				465988951BDBCD2C00D595BD /* SSDrawerHeaderView.m in Sources */,
				46CD47F61BDAE12E0045D886 /* SSAppDelegate.m in Sources */,
				46C8C2851BDADF9F003CA05A /* main.m in Sources */,
				465988711BDBAE1400D595BD /* SSBaseViewController.m in Sources */,
				465988821BDBB60B00D595BD /* UIViewController+SSStoryboardUtilities.m in Sources */,
				465988921BDBCC3F00D595BD /* SSDrawerSection.m in Sources */,
				4659887E1BDBB15400D595BD /* SSMapRootViewController.m in Sources */,
				465988741BDBAE4D00D595BD /* SSDrawerViewController.m in Sources */,
				4659888B1BDBC9F900D595BD /* SSBaseView.m in Sources */,
				4659888F1BDBCA3100D595BD /* SSDrawerCollectionViewCell.m in Sources */,
				465988851BDBB8D400D595BD /* SSDrawerItem.m in Sources */,
				46CED70C1BDAE2A1005DF631 /* SSEngine.m in Sources */,
				465988791BDBB07200D595BD /* SSBaseRootViewController.m in Sources */,
			);
			runOnlyForDeploymentPostprocessing = 0;
		};
/* End PBXSourcesBuildPhase section */

/* Begin XCBuildConfiguration section */
		46C8C2951BDADF9F003CA05A /* Debug */ = {
			isa = XCBuildConfiguration;
			buildSettings = {
				ALWAYS_SEARCH_USER_PATHS = NO;
				CLANG_CXX_LANGUAGE_STANDARD = "gnu++0x";
				CLANG_CXX_LIBRARY = "libc++";
				CLANG_ENABLE_MODULES = YES;
				CLANG_ENABLE_OBJC_ARC = YES;
				CLANG_WARN_BOOL_CONVERSION = YES;
				CLANG_WARN_CONSTANT_CONVERSION = YES;
				CLANG_WARN_DIRECT_OBJC_ISA_USAGE = YES_ERROR;
				CLANG_WARN_EMPTY_BODY = YES;
				CLANG_WARN_ENUM_CONVERSION = YES;
				CLANG_WARN_INT_CONVERSION = YES;
				CLANG_WARN_OBJC_ROOT_CLASS = YES_ERROR;
				CLANG_WARN_UNREACHABLE_CODE = YES;
				CLANG_WARN__DUPLICATE_METHOD_MATCH = YES;
				"CODE_SIGN_IDENTITY[sdk=iphoneos*]" = "iPhone Developer";
				COPY_PHASE_STRIP = NO;
				DEBUG_INFORMATION_FORMAT = dwarf;
				ENABLE_STRICT_OBJC_MSGSEND = YES;
				ENABLE_TESTABILITY = YES;
				GCC_C_LANGUAGE_STANDARD = gnu99;
				GCC_DYNAMIC_NO_PIC = NO;
				GCC_NO_COMMON_BLOCKS = YES;
				GCC_OPTIMIZATION_LEVEL = 0;
				GCC_PREPROCESSOR_DEFINITIONS = (
					"DEBUG=1",
					"$(inherited)",
				);
				GCC_WARN_64_TO_32_BIT_CONVERSION = YES;
				GCC_WARN_ABOUT_RETURN_TYPE = YES_ERROR;
				GCC_WARN_UNDECLARED_SELECTOR = YES;
				GCC_WARN_UNINITIALIZED_AUTOS = YES_AGGRESSIVE;
				GCC_WARN_UNUSED_FUNCTION = YES;
				GCC_WARN_UNUSED_VARIABLE = YES;
				IPHONEOS_DEPLOYMENT_TARGET = 9.0;
				MTL_ENABLE_DEBUG_INFO = YES;
				ONLY_ACTIVE_ARCH = YES;
				SDKROOT = iphoneos;
			};
			name = Debug;
		};
		46C8C2961BDADF9F003CA05A /* Release */ = {
			isa = XCBuildConfiguration;
			buildSettings = {
				ALWAYS_SEARCH_USER_PATHS = NO;
				CLANG_CXX_LANGUAGE_STANDARD = "gnu++0x";
				CLANG_CXX_LIBRARY = "libc++";
				CLANG_ENABLE_MODULES = YES;
				CLANG_ENABLE_OBJC_ARC = YES;
				CLANG_WARN_BOOL_CONVERSION = YES;
				CLANG_WARN_CONSTANT_CONVERSION = YES;
				CLANG_WARN_DIRECT_OBJC_ISA_USAGE = YES_ERROR;
				CLANG_WARN_EMPTY_BODY = YES;
				CLANG_WARN_ENUM_CONVERSION = YES;
				CLANG_WARN_INT_CONVERSION = YES;
				CLANG_WARN_OBJC_ROOT_CLASS = YES_ERROR;
				CLANG_WARN_UNREACHABLE_CODE = YES;
				CLANG_WARN__DUPLICATE_METHOD_MATCH = YES;
				"CODE_SIGN_IDENTITY[sdk=iphoneos*]" = "iPhone Developer";
				COPY_PHASE_STRIP = NO;
				DEBUG_INFORMATION_FORMAT = "dwarf-with-dsym";
				ENABLE_NS_ASSERTIONS = NO;
				ENABLE_STRICT_OBJC_MSGSEND = YES;
				GCC_C_LANGUAGE_STANDARD = gnu99;
				GCC_NO_COMMON_BLOCKS = YES;
				GCC_WARN_64_TO_32_BIT_CONVERSION = YES;
				GCC_WARN_ABOUT_RETURN_TYPE = YES_ERROR;
				GCC_WARN_UNDECLARED_SELECTOR = YES;
				GCC_WARN_UNINITIALIZED_AUTOS = YES_AGGRESSIVE;
				GCC_WARN_UNUSED_FUNCTION = YES;
				GCC_WARN_UNUSED_VARIABLE = YES;
				IPHONEOS_DEPLOYMENT_TARGET = 9.0;
				MTL_ENABLE_DEBUG_INFO = NO;
				SDKROOT = iphoneos;
				VALIDATE_PRODUCT = YES;
			};
			name = Release;
		};
		46C8C2981BDADF9F003CA05A /* Debug */ = {
			isa = XCBuildConfiguration;
			baseConfigurationReference = 7CB4360FA6B33C21931188A2 /* Pods-SafeSpace.debug.xcconfig */;
			buildSettings = {
				ASSETCATALOG_COMPILER_APPICON_NAME = AppIcon;
				INFOPLIST_FILE = "$(SRCROOT)/SafeSpace/Resources/Info.plist";
				LD_RUNPATH_SEARCH_PATHS = "$(inherited) @executable_path/Frameworks";
				PRODUCT_BUNDLE_IDENTIFIER = com.moopflop.SafeSpace;
				PRODUCT_NAME = "$(TARGET_NAME)";
			};
			name = Debug;
		};
		46C8C2991BDADF9F003CA05A /* Release */ = {
			isa = XCBuildConfiguration;
			baseConfigurationReference = BC769E9380911C56B99D2652 /* Pods-SafeSpace.release.xcconfig */;
			buildSettings = {
				ASSETCATALOG_COMPILER_APPICON_NAME = AppIcon;
				INFOPLIST_FILE = "$(SRCROOT)/SafeSpace/Resources/Info.plist";
				LD_RUNPATH_SEARCH_PATHS = "$(inherited) @executable_path/Frameworks";
				PRODUCT_BUNDLE_IDENTIFIER = com.moopflop.SafeSpace;
				PRODUCT_NAME = "$(TARGET_NAME)";
			};
			name = Release;
		};
/* End XCBuildConfiguration section */

/* Begin XCConfigurationList section */
		46C8C27B1BDADF9E003CA05A /* Build configuration list for PBXProject "SafeSpace" */ = {
			isa = XCConfigurationList;
			buildConfigurations = (
				46C8C2951BDADF9F003CA05A /* Debug */,
				46C8C2961BDADF9F003CA05A /* Release */,
			);
			defaultConfigurationIsVisible = 0;
			defaultConfigurationName = Release;
		};
		46C8C2971BDADF9F003CA05A /* Build configuration list for PBXNativeTarget "SafeSpace" */ = {
			isa = XCConfigurationList;
			buildConfigurations = (
				46C8C2981BDADF9F003CA05A /* Debug */,
				46C8C2991BDADF9F003CA05A /* Release */,
			);
			defaultConfigurationIsVisible = 0;
			defaultConfigurationName = Release;
		};
/* End XCConfigurationList section */
	};
	rootObject = 46C8C2781BDADF9E003CA05A /* Project object */;
}
